{
    "name": "com.nuc.repair",
    "version": "1.0.0",
    "lockfileVersion": 1,
    "requires": true,
    "dependencies": {
        "babel-polyfill": {
            "version": "6.26.0",
            "resolved": "https://registry.npmjs.org/babel-polyfill/-/babel-polyfill-6.26.0.tgz",
            "integrity": "sha1-N5k3q8Z9eJWXCtxiHyhM2WbPIVM=",
            "requires": {
                "babel-runtime": "^6.26.0",
                "core-js": "^2.5.0",
                "regenerator-runtime": "^0.10.5"
            }
        },
        "babel-runtime": {
            "version": "6.26.0",
            "resolved": "https://registry.npmjs.org/babel-runtime/-/babel-runtime-6.26.0.tgz",
            "integrity": "sha1-llxwWGaOgrVde/4E/yM3vItWR/4=",
            "requires": {
                "core-js": "^2.4.0",
                "regenerator-runtime": "^0.11.0"
            },
            "dependencies": {
                "regenerator-runtime": {
                    "version": "0.11.1",
                    "resolved": "https://registry.npmjs.org/regenerator-runtime/-/regenerator-runtime-0.11.1.tgz",
                    "integrity": "sha512-MguG95oij0fC3QV3URf4V2SDYGJhJnJGqvIIgdECeODCT98wSWDAJ94SSuVpYQUoTcGUIL6L4yNB7j1DFFHSBg=="
                }
            }
        },
        "cordova-android": {
            "version": "7.1.4",
            "resolved": "https://registry.npmjs.org/cordova-android/-/cordova-android-7.1.4.tgz",
            "integrity": "sha512-Rtvu002I83uzfVyCsE6p2krFKVHt9TSAqZUATes+zH+o9cdxYGrLHY+PKCQo4SLCdSMdrkIHCDnQPTYTp/d7+g==",
            "requires": {
                "abbrev": "*",
                "android-versions": "1.4.0",
                "ansi": "*",
                "balanced-match": "*",
                "base64-js": "1.2.0",
                "big-integer": "1.6.32",
                "bplist-parser": "*",
                "brace-expansion": "*",
                "concat-map": "*",
                "cordova-common": "2.2.5",
                "cordova-registry-mapper": "*",
                "elementtree": "0.1.6",
                "glob": "5.0.15",
                "inflight": "*",
                "inherits": "*",
                "minimatch": "*",
                "nopt": "3.0.1",
                "once": "*",
                "path-is-absolute": "1.0.1",
                "plist": "2.1.0",
                "properties-parser": "0.2.3",
                "q": "1.4.1",
                "sax": "0.3.5",
                "semver": "5.5.0",
                "shelljs": "0.5.3",
                "underscore": "*",
                "unorm": "*",
                "wrappy": "*",
                "xmlbuilder": "8.2.2",
                "xmldom": "*"
            },
            "dependencies": {
                "abbrev": {
                    "version": "1.1.1",
                    "bundled": true
                },
                "android-versions": {
                    "version": "1.4.0",
                    "bundled": true,
                    "requires": {
                        "semver": "^5.4.1"
                    }
                },
                "ansi": {
                    "version": "0.3.1",
                    "bundled": true
                },
                "balanced-match": {
                    "version": "1.0.0",
                    "bundled": true
                },
                "base64-js": {
                    "version": "1.2.0",
                    "bundled": true
                },
                "big-integer": {
                    "version": "1.6.32",
                    "bundled": true
                },
                "bplist-parser": {
                    "version": "0.1.1",
                    "bundled": true,
                    "requires": {
                        "big-integer": "^1.6.7"
                    }
                },
                "brace-expansion": {
                    "version": "1.1.11",
                    "bundled": true,
                    "requires": {
                        "balanced-match": "^1.0.0",
                        "concat-map": "0.0.1"
                    }
                },
                "concat-map": {
                    "version": "0.0.1",
                    "bundled": true
                },
                "cordova-common": {
                    "version": "2.2.5",
                    "bundled": true,
                    "requires": {
                        "ansi": "^0.3.1",
                        "bplist-parser": "^0.1.0",
                        "cordova-registry-mapper": "^1.1.8",
                        "elementtree": "0.1.6",
                        "glob": "^5.0.13",
                        "minimatch": "^3.0.0",
                        "plist": "^2.1.0",
                        "q": "^1.4.1",
                        "shelljs": "^0.5.3",
                        "underscore": "^1.8.3",
                        "unorm": "^1.3.3"
                    }
                },
                "cordova-registry-mapper": {
                    "version": "1.1.15",
                    "bundled": true
                },
                "elementtree": {
                    "version": "0.1.6",
                    "bundled": true,
                    "requires": {
                        "sax": "0.3.5"
                    }
                },
                "glob": {
                    "version": "5.0.15",
                    "bundled": true,
                    "requires": {
                        "inflight": "^1.0.4",
                        "inherits": "2",
                        "minimatch": "2 || 3",
                        "once": "^1.3.0",
                        "path-is-absolute": "^1.0.0"
                    }
                },
                "inflight": {
                    "version": "1.0.6",
                    "bundled": true,
                    "requires": {
                        "once": "^1.3.0",
                        "wrappy": "1"
                    }
                },
                "inherits": {
                    "version": "2.0.3",
                    "bundled": true
                },
                "minimatch": {
                    "version": "3.0.4",
                    "bundled": true,
                    "requires": {
                        "brace-expansion": "^1.1.7"
                    }
                },
                "nopt": {
                    "version": "3.0.1",
                    "bundled": true,
                    "requires": {
                        "abbrev": "1"
                    }
                },
                "once": {
                    "version": "1.4.0",
                    "bundled": true,
                    "requires": {
                        "wrappy": "1"
                    }
                },
                "path-is-absolute": {
                    "version": "1.0.1",
                    "bundled": true
                },
                "plist": {
                    "version": "2.1.0",
                    "bundled": true,
                    "requires": {
                        "base64-js": "1.2.0",
                        "xmlbuilder": "8.2.2",
                        "xmldom": "0.1.x"
                    }
                },
                "properties-parser": {
                    "version": "0.2.3",
                    "bundled": true
                },
                "q": {
                    "version": "1.4.1",
                    "bundled": true
                },
                "sax": {
                    "version": "0.3.5",
                    "bundled": true
                },
                "semver": {
                    "version": "5.5.0",
                    "bundled": true
                },
                "shelljs": {
                    "version": "0.5.3",
                    "bundled": true
                },
                "underscore": {
                    "version": "1.9.1",
                    "bundled": true
                },
                "unorm": {
                    "version": "1.4.1",
                    "bundled": true
                },
                "wrappy": {
                    "version": "1.0.2",
                    "bundled": true
                },
                "xmlbuilder": {
                    "version": "8.2.2",
                    "bundled": true
                },
                "xmldom": {
                    "version": "0.1.27",
                    "bundled": true
                }
            }
        },
        "cordova-ios": {
            "version": "4.5.5",
            "resolved": "https://registry.npmjs.org/cordova-ios/-/cordova-ios-4.5.5.tgz",
            "integrity": "sha512-3+30m2dZ2yii7kg+H7cgpdpkXpMj54zoX5imjGGG4Z7dPXKmalTLc/9rLq+Iaa+Q1BqyOrUFaHopWOODRU6vCg==",
            "requires": {
                "abbrev": "*",
                "ansi": "*",
                "balanced-match": "*",
                "base64-js": "1.2.0",
                "big-integer": "*",
                "bplist-creator": "*",
                "bplist-parser": "*",
                "brace-expansion": "*",
                "concat-map": "*",
                "cordova-common": "2.2.5",
                "cordova-registry-mapper": "*",
                "elementtree": "0.1.6",
                "glob": "5.0.15",
                "inflight": "*",
                "inherits": "*",
                "ios-sim": "6.1.3",
                "minimatch": "*",
                "nopt": "3.0.6",
                "once": "*",
                "path-is-absolute": "*",
                "plist": "2.1.0",
                "q": "1.5.1",
                "sax": "0.3.5",
                "shelljs": "0.5.3",
                "simctl": "*",
                "simple-plist": "0.2.1",
                "stream-buffers": "2.2.0",
                "tail": "0.4.0",
                "underscore": "*",
                "unorm": "*",
                "uuid": "3.0.1",
                "wrappy": "*",
                "xcode": "0.9.3",
                "xml-escape": "1.1.0",
                "xmlbuilder": "8.2.2",
                "xmldom": "*"
            },
            "dependencies": {
                "abbrev": {
                    "version": "1.1.1",
                    "bundled": true
                },
                "ansi": {
                    "version": "0.3.1",
                    "bundled": true
                },
                "balanced-match": {
                    "version": "1.0.0",
                    "bundled": true
                },
                "base64-js": {
                    "version": "1.2.0",
                    "bundled": true
                },
                "big-integer": {
                    "version": "1.6.32",
                    "bundled": true
                },
                "bplist-creator": {
                    "version": "0.0.7",
                    "bundled": true,
                    "requires": {
                        "stream-buffers": "~2.2.0"
                    }
                },
                "bplist-parser": {
                    "version": "0.1.1",
                    "bundled": true,
                    "requires": {
                        "big-integer": "^1.6.7"
                    }
                },
                "brace-expansion": {
                    "version": "1.1.11",
                    "bundled": true,
                    "requires": {
                        "balanced-match": "^1.0.0",
                        "concat-map": "0.0.1"
                    }
                },
                "concat-map": {
                    "version": "0.0.1",
                    "bundled": true
                },
                "cordova-common": {
                    "version": "2.2.5",
                    "bundled": true,
                    "requires": {
                        "ansi": "^0.3.1",
                        "bplist-parser": "^0.1.0",
                        "cordova-registry-mapper": "^1.1.8",
                        "elementtree": "0.1.6",
                        "glob": "^5.0.13",
                        "minimatch": "^3.0.0",
                        "plist": "^2.1.0",
                        "q": "^1.4.1",
                        "shelljs": "^0.5.3",
                        "underscore": "^1.8.3",
                        "unorm": "^1.3.3"
                    }
                },
                "cordova-registry-mapper": {
                    "version": "1.1.15",
                    "bundled": true
                },
                "elementtree": {
                    "version": "0.1.6",
                    "bundled": true,
                    "requires": {
                        "sax": "0.3.5"
                    }
                },
                "glob": {
                    "version": "5.0.15",
                    "bundled": true,
                    "requires": {
                        "inflight": "^1.0.4",
                        "inherits": "2",
                        "minimatch": "2 || 3",
                        "once": "^1.3.0",
                        "path-is-absolute": "^1.0.0"
                    }
                },
                "inflight": {
                    "version": "1.0.6",
                    "bundled": true,
                    "requires": {
                        "once": "^1.3.0",
                        "wrappy": "1"
                    }
                },
                "inherits": {
                    "version": "2.0.3",
                    "bundled": true
                },
                "ios-sim": {
                    "version": "6.1.3",
                    "bundled": true,
                    "requires": {
                        "bplist-parser": "^0.0.6",
                        "nopt": "1.0.9",
                        "plist": "^2.1.0",
                        "simctl": "^1.1.1"
                    },
                    "dependencies": {
                        "bplist-parser": {
                            "version": "0.0.6",
                            "bundled": true
                        },
                        "nopt": {
                            "version": "1.0.9",
                            "bundled": true,
                            "requires": {
                                "abbrev": "1"
                            }
                        }
                    }
                },
                "minimatch": {
                    "version": "3.0.4",
                    "bundled": true,
                    "requires": {
                        "brace-expansion": "^1.1.7"
                    }
                },
                "nopt": {
                    "version": "3.0.6",
                    "bundled": true,
                    "requires": {
                        "abbrev": "1"
                    }
                },
                "once": {
                    "version": "1.4.0",
                    "bundled": true,
                    "requires": {
                        "wrappy": "1"
                    }
                },
                "path-is-absolute": {
                    "version": "1.0.1",
                    "bundled": true
                },
                "plist": {
                    "version": "2.1.0",
                    "bundled": true,
                    "requires": {
                        "base64-js": "1.2.0",
                        "xmlbuilder": "8.2.2",
                        "xmldom": "0.1.x"
                    }
                },
                "q": {
                    "version": "1.5.1",
                    "bundled": true
                },
                "sax": {
                    "version": "0.3.5",
                    "bundled": true
                },
                "shelljs": {
                    "version": "0.5.3",
                    "bundled": true
                },
                "simctl": {
                    "version": "1.1.1",
                    "bundled": true,
                    "requires": {
                        "shelljs": "^0.2.6",
                        "tail": "^0.4.0"
                    },
                    "dependencies": {
                        "shelljs": {
                            "version": "0.2.6",
                            "bundled": true
                        }
                    }
                },
                "simple-plist": {
                    "version": "0.2.1",
                    "bundled": true,
                    "requires": {
                        "bplist-creator": "0.0.7",
                        "bplist-parser": "0.1.1",
                        "plist": "2.0.1"
                    },
                    "dependencies": {
                        "base64-js": {
                            "version": "1.1.2",
                            "bundled": true
                        },
                        "plist": {
                            "version": "2.0.1",
                            "bundled": true,
                            "requires": {
                                "base64-js": "1.1.2",
                                "xmlbuilder": "8.2.2",
                                "xmldom": "0.1.x"
                            }
                        }
                    }
                },
                "stream-buffers": {
                    "version": "2.2.0",
                    "bundled": true
                },
                "tail": {
                    "version": "0.4.0",
                    "bundled": true
                },
                "underscore": {
                    "version": "1.9.1",
                    "bundled": true
                },
                "unorm": {
                    "version": "1.4.1",
                    "bundled": true
                },
                "uuid": {
                    "version": "3.0.1",
                    "bundled": true
                },
                "wrappy": {
                    "version": "1.0.2",
                    "bundled": true
                },
                "xcode": {
                    "version": "0.9.3",
                    "bundled": true,
                    "requires": {
                        "pegjs": "^0.10.0",
                        "simple-plist": "^0.2.1",
                        "uuid": "3.0.1"
                    }
                },
                "xml-escape": {
                    "version": "1.1.0",
                    "bundled": true
                },
                "xmlbuilder": {
                    "version": "8.2.2",
                    "bundled": true
                },
                "xmldom": {
                    "version": "0.1.27",
                    "bundled": true
                }
            }
        },
        "cordova-plugin-adam-wechat": {
            "version": "3.0.6",
            "resolved": "https://registry.npmjs.org/cordova-plugin-adam-wechat/-/cordova-plugin-adam-wechat-3.0.6.tgz",
            "integrity": "sha512-3UH3lECxrPcDkl2S4zwmuPTP/oNWIsvONjsB47ksIktQBSZ3v05dfzKiOHd06lxkQUhx6lKiuGFHzhvqpBSelw=="
        },
        "cordova-plugin-add-swift-support": {
            "version": "1.7.2",
            "resolved": "https://registry.npmjs.org/cordova-plugin-add-swift-support/-/cordova-plugin-add-swift-support-1.7.2.tgz",
            "integrity": "sha512-4syQ0srjXvlH07sAxQlwMAAqIRTI28IWLYI44RFAKFRdYoIyopjQDqUWdieBK2ELvxgffkn6Rr0r0hMdRyGz/w=="
        },
        "cordova-plugin-alipay-v2": {
            "version": "1.0.0",
            "resolved": "https://registry.npmjs.org/cordova-plugin-alipay-v2/-/cordova-plugin-alipay-v2-1.0.0.tgz",
            "integrity": "sha512-Dda7GX77z5razOLbfNmLCb/UFmephU31URMbsb10d7wuAZ7CwWaOPm6OA+FmiZZuZ4dyX2W+HnhSFeNk5EUPsw=="
        },
        "cordova-plugin-device": {
            "version": "2.0.2",
            "resolved": "https://registry.npmjs.org/cordova-plugin-device/-/cordova-plugin-device-2.0.2.tgz",
            "integrity": "sha1-/Ajzci5n7ve2xnv8mag99q3Quro="
        },
        "cordova-plugin-jcore": {
            "version": "1.2.7",
            "resolved": "https://registry.npmjs.org/cordova-plugin-jcore/-/cordova-plugin-jcore-1.2.7.tgz",
            "integrity": "sha512-xHRPzaFuvDeOMrDjgL6MLG4+tMun7VLXd9yhaJLWPE2Eg3mKmw7y59HOgK7OlfxkoNEK6tDe3Imaxsegsz2G/w=="
        },
        "cordova-plugin-whitelist": {
            "version": "1.3.3",
            "resolved": "https://registry.npmjs.org/cordova-plugin-whitelist/-/cordova-plugin-whitelist-1.3.3.tgz",
            "integrity": "sha1-tehezbv+Wu3tQKG/TuI3LmfZb7Q="
        },
        "core-js": {
            "version": "2.6.5",
            "resolved": "https://registry.npmjs.org/core-js/-/core-js-2.6.5.tgz",
            "integrity": "sha512-klh/kDpwX8hryYL14M9w/xei6vrv6sE8gTHDG7/T/+SEovB/G4ejwcfE/CBzO6Edsu+OETZMZ3wcX/EjUkrl5A=="
        },
        "echarts": {
            "version": "4.2.1",
            "resolved": "https://registry.npmjs.org/echarts/-/echarts-4.2.1.tgz",
            "integrity": "sha512-pw4xScRPsLegD/cqEcoXRKeA2SD4+s+Kyo0Na166NamOWhzNl2yI5RZ2rE97tBlAopNmhyMeBVpAeD5qb+ee1A==",
            "requires": {
                "zrender": "4.0.7"
            }
        },
        "echarts-amap": {
            "version": "1.0.0-rc.6",
            "resolved": "https://registry.npmjs.org/echarts-amap/-/echarts-amap-1.0.0-rc.6.tgz",
            "integrity": "sha1-V4KnTa7lLtRM4/j2JXdWF4PwnhY="
        },
        "echarts-liquidfill": {
            "version": "2.0.4",
            "resolved": "https://registry.npmjs.org/echarts-liquidfill/-/echarts-liquidfill-2.0.4.tgz",
            "integrity": "sha512-zwTdI/N99MdLE4Bw/VPBM91rVYZ7F1VaGmi6DSBYLHFG5dZ01QE6Jzkuat7jRb15eEgHGuwhqMossbXkZJ0Wbg=="
        },
        "echarts-wordcloud": {
            "version": "1.1.3",
            "resolved": "https://registry.npmjs.org/echarts-wordcloud/-/echarts-wordcloud-1.1.3.tgz",
            "integrity": "sha512-Et8D5xEAoYkidmHun+hEH+2lF9dhCt6D0JJ390vlr2r/1zwhhZAbcL01CEvG93QcMcJpSvSPK8vRiGkTbMHRxg=="
        },
        "es6-promise": {
            "version": "4.2.6",
            "resolved": "https://registry.npmjs.org/es6-promise/-/es6-promise-4.2.6.tgz",
            "integrity": "sha512-aRVgGdnmW2OiySVPUC9e6m+plolMAJKjZnQlCwNSuK5yQ0JN61DZSO1X1Ufd1foqWRAlig0rhduTCHe7sVtK5Q=="
        },
        "jpush-phonegap-plugin": {
            "version": "3.6.3",
            "resolved": "https://registry.npmjs.org/jpush-phonegap-plugin/-/jpush-phonegap-plugin-3.6.3.tgz",
            "integrity": "sha512-hgrYeHUhsCclPSctxXSA5t9pJN6e1Ob6utgb8G9vSRAfLRVY7a6nW8CA4TAOPEh0QpqJMrPNl9j3IVg5GuGNsA=="
        },
        "numerify": {
            "version": "1.2.9",
            "resolved": "https://registry.npmjs.org/numerify/-/numerify-1.2.9.tgz",
            "integrity": "sha512-X4QzQiytV5ZN3TVLhzbtFzjTarUNnaa1pgNDFqt7u7Nqhxe7FvY2eYrGt4WYHlYXDqgtfC/n/a5nJ2y0LijV8w=="
        },
        "pegjs": {
            "version": "0.10.0",
            "resolved": "https://registry.npmjs.org/pegjs/-/pegjs-0.10.0.tgz",
            "integrity": "sha1-z4uvrm7d/0tafvsYUmnqr0YQ3b0="
        },
        "regenerator-runtime": {
            "version": "0.10.5",
            "resolved": "https://registry.npmjs.org/regenerator-runtime/-/regenerator-runtime-0.10.5.tgz",
            "integrity": "sha1-M2w+/BIgrc7dosn6tntaeVWjNlg="
        },
        "sax": {
            "version": "1.2.4",
            "resolved": "https://registry.npmjs.org/sax/-/sax-1.2.4.tgz",
            "integrity": "sha512-NqVDv9TpANUjFm0N8uM5GxL36UgKi9/atZw+x7YFnQ8ckwFGKrl4xX4yWtrey3UJm5nP1kUbnYgLopqWNSRhWw=="
        },
        "utils-lite": {
            "version": "0.1.10",
            "resolved": "https://registry.npmjs.org/utils-lite/-/utils-lite-0.1.10.tgz",
            "integrity": "sha512-jlHvdtI8MyWURF/3u+ufIjf1Cs5WjN6WZl9qO8dEkZsVjaI7X5YMUhaCFzkvB69ljt6fo4Dd7V/Oj2NJOFDFOQ=="
        },
        "v-charts": {
            "version": "1.19.0",
            "resolved": "https://registry.npmjs.org/v-charts/-/v-charts-1.19.0.tgz",
            "integrity": "sha512-vm2HBUmxAsXK0ivwce9LytcpqrItDA5JSPLYVxZXtiuoyhcn80XX1/3dPJd/1GqG1OYv3jfBo1s9ra4q8GowqA==",
            "requires": {
                "echarts-amap": "1.0.0-rc.6",
                "echarts-liquidfill": "^2.0.2",
                "echarts-wordcloud": "^1.1.3",
                "numerify": "1.2.9",
                "utils-lite": "0.1.10"
            }
        },
        "xml2js": {
            "version": "0.4.19",
            "resolved": "https://registry.npmjs.org/xml2js/-/xml2js-0.4.19.tgz",
            "integrity": "sha512-esZnJZJOiJR9wWKMyuvSE1y6Dq5LCuJanqhxslH2bxM6duahNZ+HMpCLhBQGZkbX6xRf8x1Y2eJlgt2q3qo49Q==",
            "requires": {
                "sax": ">=0.6.0",
                "xmlbuilder": "~9.0.1"
            }
        },
        "xmlbuilder": {
            "version": "9.0.7",
            "resolved": "http://registry.npmjs.org/xmlbuilder/-/xmlbuilder-9.0.7.tgz",
            "integrity": "sha1-Ey7mPS7FVlxVfiD0wi35rKaGsQ0="
        },
        "zrender": {
            "version": "4.0.7",
            "resolved": "https://registry.npmjs.org/zrender/-/zrender-4.0.7.tgz",
            "integrity": "sha512-TNloHe0ums6zxbHfnaCryM61J4IWDajZwNq6dHk9vfWhhysO/OeFvvR0drBs/nbXha2YxSzfQj2FiCd6RVBe+Q=="
        }
    }
}
